// !$*UTF8*$!
{
	archiveVersion = 1;
	classes = {
	};
	objectVersion = 46;
	objects = {

/* Begin PBXBuildFile section */
		821B290E1EADF6E900E40B66 /* CubeViewController.swift in Sources */ = {isa = PBXBuildFile; fileRef = 821B290D1EADF6E900E40B66 /* CubeViewController.swift */; };
		821B29121EADFAAA00E40B66 /* img1.jpg in Resources */ = {isa = PBXBuildFile; fileRef = 821B290F1EADFAAA00E40B66 /* img1.jpg */; };
		821B29131EADFAAA00E40B66 /* img2.jpg in Resources */ = {isa = PBXBuildFile; fileRef = 821B29101EADFAAA00E40B66 /* img2.jpg */; };
		821B29141EADFAAA00E40B66 /* img3.jpg in Resources */ = {isa = PBXBuildFile; fileRef = 821B29111EADFAAA00E40B66 /* img3.jpg */; };
		825524041EB0E87C0085BD87 /* SummaryViewController.swift in Sources */ = {isa = PBXBuildFile; fileRef = 825524031EB0E87C0085BD87 /* SummaryViewController.swift */; };
		8278B44D1EA9F8890064EFFD /* AppDelegate.swift in Sources */ = {isa = PBXBuildFile; fileRef = 8278B44C1EA9F8890064EFFD /* AppDelegate.swift */; };
		8278B44F1EA9F8890064EFFD /* ViewController.swift in Sources */ = {isa = PBXBuildFile; fileRef = 8278B44E1EA9F8890064EFFD /* ViewController.swift */; };
		8278B4521EA9F8890064EFFD /* Main.storyboard in Resources */ = {isa = PBXBuildFile; fileRef = 8278B4501EA9F8890064EFFD /* Main.storyboard */; };
		8278B4541EA9F8890064EFFD /* Assets.xcassets in Resources */ = {isa = PBXBuildFile; fileRef = 8278B4531EA9F8890064EFFD /* Assets.xcassets */; };
		8278B4571EA9F8890064EFFD /* LaunchScreen.storyboard in Resources */ = {isa = PBXBuildFile; fileRef = 8278B4551EA9F8890064EFFD /* LaunchScreen.storyboard */; };
		8278B4621EA9F8890064EFFD /* MeemoTests.swift in Sources */ = {isa = PBXBuildFile; fileRef = 8278B4611EA9F8890064EFFD /* MeemoTests.swift */; };
		8278B46D1EA9F8890064EFFD /* MeemoUITests.swift in Sources */ = {isa = PBXBuildFile; fileRef = 8278B46C1EA9F8890064EFFD /* MeemoUITests.swift */; };
		829BC4931EAB720300F8A672 /* AVFoundation.framework in Frameworks */ = {isa = PBXBuildFile; fileRef = 829BC4911EAB720300F8A672 /* AVFoundation.framework */; };
		829BC4941EAB720300F8A672 /* AVKit.framework in Frameworks */ = {isa = PBXBuildFile; fileRef = 829BC4921EAB720300F8A672 /* AVKit.framework */; };
		829BC4961EAB78DD00F8A672 /* ModalViewController.swift in Sources */ = {isa = PBXBuildFile; fileRef = 829BC4951EAB78DD00F8A672 /* ModalViewController.swift */; };
		829BC4981EAB79DD00F8A672 /* DismissAnimator.swift in Sources */ = {isa = PBXBuildFile; fileRef = 829BC4971EAB79DD00F8A672 /* DismissAnimator.swift */; };
		829BC49A1EAB88F300F8A672 /* Interactor.swift in Sources */ = {isa = PBXBuildFile; fileRef = 829BC4991EAB88F300F8A672 /* Interactor.swift */; };
		BAAF3C3A18DE5D393AC35AE5 /* Pods_Meemo.framework in Frameworks */ = {isa = PBXBuildFile; fileRef = FCE65C38F884CD40FC350C97 /* Pods_Meemo.framework */; };
/* End PBXBuildFile section */

/* Begin PBXContainerItemProxy section */
		8278B45E1EA9F8890064EFFD /* PBXContainerItemProxy */ = {
			isa = PBXContainerItemProxy;
			containerPortal = 8278B4411EA9F8880064EFFD /* Project object */;
			proxyType = 1;
			remoteGlobalIDString = 8278B4481EA9F8880064EFFD;
			remoteInfo = Meemo;
		};
		8278B4691EA9F8890064EFFD /* PBXContainerItemProxy */ = {
			isa = PBXContainerItemProxy;
			containerPortal = 8278B4411EA9F8880064EFFD /* Project object */;
			proxyType = 1;
			remoteGlobalIDString = 8278B4481EA9F8880064EFFD;
			remoteInfo = Meemo;
		};
/* End PBXContainerItemProxy section */

/* Begin PBXFileReference section */
		1E4927C61AE94AD7976696C5 /* Pods-Meemo.debug.xcconfig */ = {isa = PBXFileReference; includeInIndex = 1; lastKnownFileType = text.xcconfig; name = "Pods-Meemo.debug.xcconfig"; path = "Pods/Target Support Files/Pods-Meemo/Pods-Meemo.debug.xcconfig"; sourceTree = "<group>"; };
		821B290D1EADF6E900E40B66 /* CubeViewController.swift */ = {isa = PBXFileReference; fileEncoding = 4; lastKnownFileType = sourcecode.swift; path = CubeViewController.swift; sourceTree = "<group>"; };
		821B290F1EADFAAA00E40B66 /* img1.jpg */ = {isa = PBXFileReference; lastKnownFileType = image.jpeg; name = img1.jpg; path = ../../../../../Dropbox/Pictures/img1.jpg; sourceTree = "<group>"; };
		821B29101EADFAAA00E40B66 /* img2.jpg */ = {isa = PBXFileReference; lastKnownFileType = image.jpeg; name = img2.jpg; path = ../../../../../Dropbox/Pictures/img2.jpg; sourceTree = "<group>"; };
		821B29111EADFAAA00E40B66 /* img3.jpg */ = {isa = PBXFileReference; lastKnownFileType = image.jpeg; name = img3.jpg; path = ../../../../../Dropbox/Pictures/img3.jpg; sourceTree = "<group>"; };
		825524031EB0E87C0085BD87 /* SummaryViewController.swift */ = {isa = PBXFileReference; fileEncoding = 4; lastKnownFileType = sourcecode.swift; path = SummaryViewController.swift; sourceTree = "<group>"; };
		8278B4491EA9F8890064EFFD /* Meemo.app */ = {isa = PBXFileReference; explicitFileType = wrapper.application; includeInIndex = 0; path = Meemo.app; sourceTree = BUILT_PRODUCTS_DIR; };
		8278B44C1EA9F8890064EFFD /* AppDelegate.swift */ = {isa = PBXFileReference; lastKnownFileType = sourcecode.swift; path = AppDelegate.swift; sourceTree = "<group>"; };
		8278B44E1EA9F8890064EFFD /* ViewController.swift */ = {isa = PBXFileReference; lastKnownFileType = sourcecode.swift; path = ViewController.swift; sourceTree = "<group>"; };
		8278B4511EA9F8890064EFFD /* Base */ = {isa = PBXFileReference; lastKnownFileType = file.storyboard; name = Base; path = Base.lproj/Main.storyboard; sourceTree = "<group>"; };
		8278B4531EA9F8890064EFFD /* Assets.xcassets */ = {isa = PBXFileReference; lastKnownFileType = folder.assetcatalog; path = Assets.xcassets; sourceTree = "<group>"; };
		8278B4561EA9F8890064EFFD /* Base */ = {isa = PBXFileReference; lastKnownFileType = file.storyboard; name = Base; path = Base.lproj/LaunchScreen.storyboard; sourceTree = "<group>"; };
		8278B4581EA9F8890064EFFD /* Info.plist */ = {isa = PBXFileReference; lastKnownFileType = text.plist.xml; path = Info.plist; sourceTree = "<group>"; };
		8278B45D1EA9F8890064EFFD /* MeemoTests.xctest */ = {isa = PBXFileReference; explicitFileType = wrapper.cfbundle; includeInIndex = 0; path = MeemoTests.xctest; sourceTree = BUILT_PRODUCTS_DIR; };
		8278B4611EA9F8890064EFFD /* MeemoTests.swift */ = {isa = PBXFileReference; lastKnownFileType = sourcecode.swift; path = MeemoTests.swift; sourceTree = "<group>"; };
		8278B4631EA9F8890064EFFD /* Info.plist */ = {isa = PBXFileReference; lastKnownFileType = text.plist.xml; path = Info.plist; sourceTree = "<group>"; };
		8278B4681EA9F8890064EFFD /* MeemoUITests.xctest */ = {isa = PBXFileReference; explicitFileType = wrapper.cfbundle; includeInIndex = 0; path = MeemoUITests.xctest; sourceTree = BUILT_PRODUCTS_DIR; };
		8278B46C1EA9F8890064EFFD /* MeemoUITests.swift */ = {isa = PBXFileReference; lastKnownFileType = sourcecode.swift; path = MeemoUITests.swift; sourceTree = "<group>"; };
		8278B46E1EA9F8890064EFFD /* Info.plist */ = {isa = PBXFileReference; lastKnownFileType = text.plist.xml; path = Info.plist; sourceTree = "<group>"; };
		829BC4911EAB720300F8A672 /* AVFoundation.framework */ = {isa = PBXFileReference; lastKnownFileType = wrapper.framework; name = AVFoundation.framework; path = System/Library/Frameworks/AVFoundation.framework; sourceTree = SDKROOT; };
		829BC4921EAB720300F8A672 /* AVKit.framework */ = {isa = PBXFileReference; lastKnownFileType = wrapper.framework; name = AVKit.framework; path = System/Library/Frameworks/AVKit.framework; sourceTree = SDKROOT; };
		829BC4951EAB78DD00F8A672 /* ModalViewController.swift */ = {isa = PBXFileReference; fileEncoding = 4; lastKnownFileType = sourcecode.swift; path = ModalViewController.swift; sourceTree = "<group>"; };
		829BC4971EAB79DD00F8A672 /* DismissAnimator.swift */ = {isa = PBXFileReference; fileEncoding = 4; lastKnownFileType = sourcecode.swift; path = DismissAnimator.swift; sourceTree = "<group>"; };
		829BC4991EAB88F300F8A672 /* Interactor.swift */ = {isa = PBXFileReference; fileEncoding = 4; lastKnownFileType = sourcecode.swift; path = Interactor.swift; sourceTree = "<group>"; };
		B8D46095D957D80B6BEF3135 /* Pods-Meemo.release.xcconfig */ = {isa = PBXFileReference; includeInIndex = 1; lastKnownFileType = text.xcconfig; name = "Pods-Meemo.release.xcconfig"; path = "Pods/Target Support Files/Pods-Meemo/Pods-Meemo.release.xcconfig"; sourceTree = "<group>"; };
		FCE65C38F884CD40FC350C97 /* Pods_Meemo.framework */ = {isa = PBXFileReference; explicitFileType = wrapper.framework; includeInIndex = 0; path = Pods_Meemo.framework; sourceTree = BUILT_PRODUCTS_DIR; };
/* End PBXFileReference section */

/* Begin PBXFrameworksBuildPhase section */
		8278B4461EA9F8880064EFFD /* Frameworks */ = {
			isa = PBXFrameworksBuildPhase;
			buildActionMask = 2147483647;
			files = (
				829BC4931EAB720300F8A672 /* AVFoundation.framework in Frameworks */,
				829BC4941EAB720300F8A672 /* AVKit.framework in Frameworks */,
				BAAF3C3A18DE5D393AC35AE5 /* Pods_Meemo.framework in Frameworks */,
			);
			runOnlyForDeploymentPostprocessing = 0;
		};
		8278B45A1EA9F8890064EFFD /* Frameworks */ = {
			isa = PBXFrameworksBuildPhase;
			buildActionMask = 2147483647;
			files = (
			);
			runOnlyForDeploymentPostprocessing = 0;
		};
		8278B4651EA9F8890064EFFD /* Frameworks */ = {
			isa = PBXFrameworksBuildPhase;
			buildActionMask = 2147483647;
			files = (
			);
			runOnlyForDeploymentPostprocessing = 0;
		};
/* End PBXFrameworksBuildPhase section */

/* Begin PBXGroup section */
		3CADFF7BD923C6D88A4C6923 /* Frameworks */ = {
			isa = PBXGroup;
			children = (
				829BC4911EAB720300F8A672 /* AVFoundation.framework */,
				829BC4921EAB720300F8A672 /* AVKit.framework */,
				FCE65C38F884CD40FC350C97 /* Pods_Meemo.framework */,
			);
			name = Frameworks;
			sourceTree = "<group>";
		};
		8278B4401EA9F8880064EFFD = {
			isa = PBXGroup;
			children = (
				8278B44B1EA9F8890064EFFD /* Meemo */,
				8278B4601EA9F8890064EFFD /* MeemoTests */,
				8278B46B1EA9F8890064EFFD /* MeemoUITests */,
				8278B44A1EA9F8890064EFFD /* Products */,
				C89947F7DA08D9BC9520F32A /* Pods */,
				3CADFF7BD923C6D88A4C6923 /* Frameworks */,
			);
			sourceTree = "<group>";
		};
		8278B44A1EA9F8890064EFFD /* Products */ = {
			isa = PBXGroup;
			children = (
				8278B4491EA9F8890064EFFD /* Meemo.app */,
				8278B45D1EA9F8890064EFFD /* MeemoTests.xctest */,
				8278B4681EA9F8890064EFFD /* MeemoUITests.xctest */,
			);
			name = Products;
			sourceTree = "<group>";
		};
		8278B44B1EA9F8890064EFFD /* Meemo */ = {
			isa = PBXGroup;
			children = (
				8278B44C1EA9F8890064EFFD /* AppDelegate.swift */,
				8278B44E1EA9F8890064EFFD /* ViewController.swift */,
				829BC4991EAB88F300F8A672 /* Interactor.swift */,
				8278B4501EA9F8890064EFFD /* Main.storyboard */,
				825524031EB0E87C0085BD87 /* SummaryViewController.swift */,
				821B290D1EADF6E900E40B66 /* CubeViewController.swift */,
				8278B4531EA9F8890064EFFD /* Assets.xcassets */,
				8278B4551EA9F8890064EFFD /* LaunchScreen.storyboard */,
				8278B4581EA9F8890064EFFD /* Info.plist */,
				829BC4951EAB78DD00F8A672 /* ModalViewController.swift */,
				829BC4971EAB79DD00F8A672 /* DismissAnimator.swift */,
				821B290F1EADFAAA00E40B66 /* img1.jpg */,
				821B29101EADFAAA00E40B66 /* img2.jpg */,
				821B29111EADFAAA00E40B66 /* img3.jpg */,
			);
			path = Meemo;
			sourceTree = "<group>";
		};
		8278B4601EA9F8890064EFFD /* MeemoTests */ = {
			isa = PBXGroup;
			children = (
				8278B4611EA9F8890064EFFD /* MeemoTests.swift */,
				8278B4631EA9F8890064EFFD /* Info.plist */,
			);
			path = MeemoTests;
			sourceTree = "<group>";
		};
		8278B46B1EA9F8890064EFFD /* MeemoUITests */ = {
			isa = PBXGroup;
			children = (
				8278B46C1EA9F8890064EFFD /* MeemoUITests.swift */,
				8278B46E1EA9F8890064EFFD /* Info.plist */,
			);
			path = MeemoUITests;
			sourceTree = "<group>";
		};
		C89947F7DA08D9BC9520F32A /* Pods */ = {
			isa = PBXGroup;
			children = (
				1E4927C61AE94AD7976696C5 /* Pods-Meemo.debug.xcconfig */,
				B8D46095D957D80B6BEF3135 /* Pods-Meemo.release.xcconfig */,
			);
			name = Pods;
			sourceTree = "<group>";
		};
/* End PBXGroup section */

/* Begin PBXNativeTarget section */
		8278B4481EA9F8880064EFFD /* Meemo */ = {
			isa = PBXNativeTarget;
			buildConfigurationList = 8278B4711EA9F8890064EFFD /* Build configuration list for PBXNativeTarget "Meemo" */;
			buildPhases = (
				35C29F76197BC9F0008513B2 /* [CP] Check Pods Manifest.lock */,
				8278B4451EA9F8880064EFFD /* Sources */,
				8278B4461EA9F8880064EFFD /* Frameworks */,
				8278B4471EA9F8880064EFFD /* Resources */,
				81CDCB0DF3CDB17764D382F0 /* [CP] Embed Pods Frameworks */,
				5F2367CA73691A75FBDF17C2 /* [CP] Copy Pods Resources */,
			);
			buildRules = (
			);
			dependencies = (
			);
			name = Meemo;
			productName = Meemo;
			productReference = 8278B4491EA9F8890064EFFD /* Meemo.app */;
			productType = "com.apple.product-type.application";
		};
		8278B45C1EA9F8890064EFFD /* MeemoTests */ = {
			isa = PBXNativeTarget;
			buildConfigurationList = 8278B4741EA9F8890064EFFD /* Build configuration list for PBXNativeTarget "MeemoTests" */;
			buildPhases = (
				8278B4591EA9F8890064EFFD /* Sources */,
				8278B45A1EA9F8890064EFFD /* Frameworks */,
				8278B45B1EA9F8890064EFFD /* Resources */,
			);
			buildRules = (
			);
			dependencies = (
				8278B45F1EA9F8890064EFFD /* PBXTargetDependency */,
			);
			name = MeemoTests;
			productName = MeemoTests;
			productReference = 8278B45D1EA9F8890064EFFD /* MeemoTests.xctest */;
			productType = "com.apple.product-type.bundle.unit-test";
		};
		8278B4671EA9F8890064EFFD /* MeemoUITests */ = {
			isa = PBXNativeTarget;
			buildConfigurationList = 8278B4771EA9F8890064EFFD /* Build configuration list for PBXNativeTarget "MeemoUITests" */;
			buildPhases = (
				8278B4641EA9F8890064EFFD /* Sources */,
				8278B4651EA9F8890064EFFD /* Frameworks */,
				8278B4661EA9F8890064EFFD /* Resources */,
			);
			buildRules = (
			);
			dependencies = (
				8278B46A1EA9F8890064EFFD /* PBXTargetDependency */,
			);
			name = MeemoUITests;
			productName = MeemoUITests;
			productReference = 8278B4681EA9F8890064EFFD /* MeemoUITests.xctest */;
			productType = "com.apple.product-type.bundle.ui-testing";
		};
/* End PBXNativeTarget section */

/* Begin PBXProject section */
		8278B4411EA9F8880064EFFD /* Project object */ = {
			isa = PBXProject;
			attributes = {
				LastSwiftUpdateCheck = 0800;
				LastUpgradeCheck = 0800;
				ORGANIZATIONNAME = Superstudio;
				TargetAttributes = {
					8278B4481EA9F8880064EFFD = {
						CreatedOnToolsVersion = 8.0;
						DevelopmentTeam = 83QAZKHQQY;
						LastSwiftMigration = 0800;
						ProvisioningStyle = Automatic;
					};
					8278B45C1EA9F8890064EFFD = {
						CreatedOnToolsVersion = 8.0;
						DevelopmentTeam = 83QAZKHQQY;
						LastSwiftMigration = 0800;
						ProvisioningStyle = Automatic;
						TestTargetID = 8278B4481EA9F8880064EFFD;
					};
					8278B4671EA9F8890064EFFD = {
						CreatedOnToolsVersion = 8.0;
						DevelopmentTeam = 83QAZKHQQY;
						LastSwiftMigration = 0800;
						ProvisioningStyle = Automatic;
						TestTargetID = 8278B4481EA9F8880064EFFD;
					};
				};
			};
			buildConfigurationList = 8278B4441EA9F8880064EFFD /* Build configuration list for PBXProject "Meemo" */;
			compatibilityVersion = "Xcode 3.2";
			developmentRegion = English;
			hasScannedForEncodings = 0;
			knownRegions = (
				en,
				Base,
			);
			mainGroup = 8278B4401EA9F8880064EFFD;
			productRefGroup = 8278B44A1EA9F8890064EFFD /* Products */;
			projectDirPath = "";
			projectRoot = "";
			targets = (
				8278B4481EA9F8880064EFFD /* Meemo */,
				8278B45C1EA9F8890064EFFD /* MeemoTests */,
				8278B4671EA9F8890064EFFD /* MeemoUITests */,
			);
		};
/* End PBXProject section */

/* Begin PBXResourcesBuildPhase section */
		8278B4471EA9F8880064EFFD /* Resources */ = {
			isa = PBXResourcesBuildPhase;
			buildActionMask = 2147483647;
			files = (
				8278B4571EA9F8890064EFFD /* LaunchScreen.storyboard in Resources */,
				821B29141EADFAAA00E40B66 /* img3.jpg in Resources */,
				821B29131EADFAAA00E40B66 /* img2.jpg in Resources */,
				821B29121EADFAAA00E40B66 /* img1.jpg in Resources */,
				8278B4541EA9F8890064EFFD /* Assets.xcassets in Resources */,
				8278B4521EA9F8890064EFFD /* Main.storyboard in Resources */,
			);
			runOnlyForDeploymentPostprocessing = 0;
		};
		8278B45B1EA9F8890064EFFD /* Resources */ = {
			isa = PBXResourcesBuildPhase;
			buildActionMask = 2147483647;
			files = (
			);
			runOnlyForDeploymentPostprocessing = 0;
		};
		8278B4661EA9F8890064EFFD /* Resources */ = {
			isa = PBXResourcesBuildPhase;
			buildActionMask = 2147483647;
			files = (
			);
			runOnlyForDeploymentPostprocessing = 0;
		};
/* End PBXResourcesBuildPhase section */

/* Begin PBXShellScriptBuildPhase section */
		35C29F76197BC9F0008513B2 /* [CP] Check Pods Manifest.lock */ = {
			isa = PBXShellScriptBuildPhase;
			buildActionMask = 2147483647;
			files = (
			);
			inputPaths = (
			);
			name = "[CP] Check Pods Manifest.lock";
			outputPaths = (
			);
			runOnlyForDeploymentPostprocessing = 0;
			shellPath = /bin/sh;
			shellScript = "diff \"${PODS_ROOT}/../Podfile.lock\" \"${PODS_ROOT}/Manifest.lock\" > /dev/null\nif [[ $? != 0 ]] ; then\n    cat << EOM\nerror: The sandbox is not in sync with the Podfile.lock. Run 'pod install' or update your CocoaPods installation.\nEOM\n    exit 1\nfi\n";
			showEnvVarsInLog = 0;
		};
		5F2367CA73691A75FBDF17C2 /* [CP] Copy Pods Resources */ = {
			isa = PBXShellScriptBuildPhase;
			buildActionMask = 2147483647;
			files = (
			);
			inputPaths = (
			);
			name = "[CP] Copy Pods Resources";
			outputPaths = (
			);
			runOnlyForDeploymentPostprocessing = 0;
			shellPath = /bin/sh;
			shellScript = "\"${SRCROOT}/Pods/Target Support Files/Pods-Meemo/Pods-Meemo-resources.sh\"\n";
			showEnvVarsInLog = 0;
		};
		81CDCB0DF3CDB17764D382F0 /* [CP] Embed Pods Frameworks */ = {
			isa = PBXShellScriptBuildPhase;
			buildActionMask = 2147483647;
			files = (
			);
			inputPaths = (
			);
			name = "[CP] Embed Pods Frameworks";
			outputPaths = (
			);
			runOnlyForDeploymentPostprocessing = 0;
			shellPath = /bin/sh;
			shellScript = "\"${SRCROOT}/Pods/Target Support Files/Pods-Meemo/Pods-Meemo-frameworks.sh\"\n";
			showEnvVarsInLog = 0;
		};
/* End PBXShellScriptBuildPhase section */

/* Begin PBXSourcesBuildPhase section */
		8278B4451EA9F8880064EFFD /* Sources */ = {
			isa = PBXSourcesBuildPhase;
			buildActionMask = 2147483647;
			files = (
				8278B44F1EA9F8890064EFFD /* ViewController.swift in Sources */,
				829BC4961EAB78DD00F8A672 /* ModalViewController.swift in Sources */,
				829BC49A1EAB88F300F8A672 /* Interactor.swift in Sources */,
				8278B44D1EA9F8890064EFFD /* AppDelegate.swift in Sources */,
				829BC4981EAB79DD00F8A672 /* DismissAnimator.swift in Sources */,
				825524041EB0E87C0085BD87 /* SummaryViewController.swift in Sources */,
				821B290E1EADF6E900E40B66 /* CubeViewController.swift in Sources */,
			);
			runOnlyForDeploymentPostprocessing = 0;
		};
		8278B4591EA9F8890064EFFD /* Sources */ = {
			isa = PBXSourcesBuildPhase;
			buildActionMask = 2147483647;
			files = (
				8278B4621EA9F8890064EFFD /* MeemoTests.swift in Sources */,
			);
			runOnlyForDeploymentPostprocessing = 0;
		};
		8278B4641EA9F8890064EFFD /* Sources */ = {
			isa = PBXSourcesBuildPhase;
			buildActionMask = 2147483647;
			files = (
				8278B46D1EA9F8890064EFFD /* MeemoUITests.swift in Sources */,
			);
			runOnlyForDeploymentPostprocessing = 0;
		};
/* End PBXSourcesBuildPhase section */

/* Begin PBXTargetDependency section */
		8278B45F1EA9F8890064EFFD /* PBXTargetDependency */ = {
			isa = PBXTargetDependency;
			target = 8278B4481EA9F8880064EFFD /* Meemo */;
			targetProxy = 8278B45E1EA9F8890064EFFD /* PBXContainerItemProxy */;
		};
		8278B46A1EA9F8890064EFFD /* PBXTargetDependency */ = {
			isa = PBXTargetDependency;
			target = 8278B4481EA9F8880064EFFD /* Meemo */;
			targetProxy = 8278B4691EA9F8890064EFFD /* PBXContainerItemProxy */;
		};
/* End PBXTargetDependency section */

/* Begin PBXVariantGroup section */
		8278B4501EA9F8890064EFFD /* Main.storyboard */ = {
			isa = PBXVariantGroup;
			children = (
				8278B4511EA9F8890064EFFD /* Base */,
			);
			name = Main.storyboard;
			sourceTree = "<group>";
		};
		8278B4551EA9F8890064EFFD /* LaunchScreen.storyboard */ = {
			isa = PBXVariantGroup;
			children = (
				8278B4561EA9F8890064EFFD /* Base */,
			);
			name = LaunchScreen.storyboard;
			sourceTree = "<group>";
		};
/* End PBXVariantGroup section */

/* Begin XCBuildConfiguration section */
		8278B46F1EA9F8890064EFFD /* Debug */ = {
			isa = XCBuildConfiguration;
			buildSettings = {
				ALWAYS_SEARCH_USER_PATHS = NO;
				CLANG_ANALYZER_NONNULL = YES;
				CLANG_CXX_LANGUAGE_STANDARD = "gnu++0x";
				CLANG_CXX_LIBRARY = "libc++";
				CLANG_ENABLE_MODULES = YES;
				CLANG_ENABLE_OBJC_ARC = YES;
				CLANG_WARN_BOOL_CONVERSION = YES;
				CLANG_WARN_CONSTANT_CONVERSION = YES;
				CLANG_WARN_DIRECT_OBJC_ISA_USAGE = YES_ERROR;
				CLANG_WARN_DOCUMENTATION_COMMENTS = YES;
				CLANG_WARN_EMPTY_BODY = YES;
				CLANG_WARN_ENUM_CONVERSION = YES;
				CLANG_WARN_INFINITE_RECURSION = YES;
				CLANG_WARN_INT_CONVERSION = YES;
				CLANG_WARN_OBJC_ROOT_CLASS = YES_ERROR;
				CLANG_WARN_SUSPICIOUS_MOVES = YES;
				CLANG_WARN_UNREACHABLE_CODE = YES;
				CLANG_WARN__DUPLICATE_METHOD_MATCH = YES;
				"CODE_SIGN_IDENTITY[sdk=iphoneos*]" = "iPhone Developer";
				COPY_PHASE_STRIP = NO;
				DEBUG_INFORMATION_FORMAT = dwarf;
				ENABLE_STRICT_OBJC_MSGSEND = YES;
				ENABLE_TESTABILITY = YES;
				GCC_C_LANGUAGE_STANDARD = gnu99;
				GCC_DYNAMIC_NO_PIC = NO;
				GCC_NO_COMMON_BLOCKS = YES;
				GCC_OPTIMIZATION_LEVEL = 0;
				GCC_PREPROCESSOR_DEFINITIONS = (
					"DEBUG=1",
					"$(inherited)",
				);
				GCC_WARN_64_TO_32_BIT_CONVERSION = YES;
				GCC_WARN_ABOUT_RETURN_TYPE = YES_ERROR;
				GCC_WARN_UNDECLARED_SELECTOR = YES;
				GCC_WARN_UNINITIALIZED_AUTOS = YES_AGGRESSIVE;
				GCC_WARN_UNUSED_FUNCTION = YES;
				GCC_WARN_UNUSED_VARIABLE = YES;
				IPHONEOS_DEPLOYMENT_TARGET = 10.0;
				MTL_ENABLE_DEBUG_INFO = YES;
				ONLY_ACTIVE_ARCH = YES;
				SDKROOT = iphoneos;
				SWIFT_ACTIVE_COMPILATION_CONDITIONS = DEBUG;
				SWIFT_OPTIMIZATION_LEVEL = "-Onone";
			};
			name = Debug;
		};
		8278B4701EA9F8890064EFFD /* Release */ = {
			isa = XCBuildConfiguration;
			buildSettings = {
				ALWAYS_SEARCH_USER_PATHS = NO;
				CLANG_ANALYZER_NONNULL = YES;
				CLANG_CXX_LANGUAGE_STANDARD = "gnu++0x";
				CLANG_CXX_LIBRARY = "libc++";
				CLANG_ENABLE_MODULES = YES;
				CLANG_ENABLE_OBJC_ARC = YES;
				CLANG_WARN_BOOL_CONVERSION = YES;
				CLANG_WARN_CONSTANT_CONVERSION = YES;
				CLANG_WARN_DIRECT_OBJC_ISA_USAGE = YES_ERROR;
				CLANG_WARN_DOCUMENTATION_COMMENTS = YES;
				CLANG_WARN_EMPTY_BODY = YES;
				CLANG_WARN_ENUM_CONVERSION = YES;
				CLANG_WARN_INFINITE_RECURSION = YES;
				CLANG_WARN_INT_CONVERSION = YES;
				CLANG_WARN_OBJC_ROOT_CLASS = YES_ERROR;
				CLANG_WARN_SUSPICIOUS_MOVES = YES;
				CLANG_WARN_UNREACHABLE_CODE = YES;
				CLANG_WARN__DUPLICATE_METHOD_MATCH = YES;
				"CODE_SIGN_IDENTITY[sdk=iphoneos*]" = "iPhone Developer";
				COPY_PHASE_STRIP = NO;
				DEBUG_INFORMATION_FORMAT = "dwarf-with-dsym";
				ENABLE_NS_ASSERTIONS = NO;
				ENABLE_STRICT_OBJC_MSGSEND = YES;
				GCC_C_LANGUAGE_STANDARD = gnu99;
				GCC_NO_COMMON_BLOCKS = YES;
				GCC_WARN_64_TO_32_BIT_CONVERSION = YES;
				GCC_WARN_ABOUT_RETURN_TYPE = YES_ERROR;
				GCC_WARN_UNDECLARED_SELECTOR = YES;
				GCC_WARN_UNINITIALIZED_AUTOS = YES_AGGRESSIVE;
				GCC_WARN_UNUSED_FUNCTION = YES;
				GCC_WARN_UNUSED_VARIABLE = YES;
				IPHONEOS_DEPLOYMENT_TARGET = 10.0;
				MTL_ENABLE_DEBUG_INFO = NO;
				SDKROOT = iphoneos;
				SWIFT_OPTIMIZATION_LEVEL = "-Owholemodule";
				VALIDATE_PRODUCT = YES;
			};
			name = Release;
		};
		8278B4721EA9F8890064EFFD /* Debug */ = {
			isa = XCBuildConfiguration;
			baseConfigurationReference = 1E4927C61AE94AD7976696C5 /* Pods-Meemo.debug.xcconfig */;
			buildSettings = {
				ASSETCATALOG_COMPILER_APPICON_NAME = AppIcon;
				DEVELOPMENT_TEAM = 83QAZKHQQY;
				INFOPLIST_FILE = Meemo/Info.plist;
				LD_RUNPATH_SEARCH_PATHS = "$(inherited) @executable_path/Frameworks";
				PRODUCT_BUNDLE_IDENTIFIER = io.superstudio.Meemo;
				PRODUCT_NAME = "$(TARGET_NAME)";
				SWIFT_VERSION = 3.0;
			};
			name = Debug;
		};
		8278B4731EA9F8890064EFFD /* Release */ = {
			isa = XCBuildConfiguration;
			baseConfigurationReference = B8D46095D957D80B6BEF3135 /* Pods-Meemo.release.xcconfig */;
			buildSettings = {
				ASSETCATALOG_COMPILER_APPICON_NAME = AppIcon;
				DEVELOPMENT_TEAM = 83QAZKHQQY;
				INFOPLIST_FILE = Meemo/Info.plist;
				LD_RUNPATH_SEARCH_PATHS = "$(inherited) @executable_path/Frameworks";
				PRODUCT_BUNDLE_IDENTIFIER = io.superstudio.Meemo;
				PRODUCT_NAME = "$(TARGET_NAME)";
				SWIFT_VERSION = 3.0;
			};
			name = Release;
		};
		8278B4751EA9F8890064EFFD /* Debug */ = {
			isa = XCBuildConfiguration;
			buildSettings = {
				ALWAYS_EMBED_SWIFT_STANDARD_LIBRARIES = YES;
				BUNDLE_LOADER = "$(TEST_HOST)";
				DEVELOPMENT_TEAM = 83QAZKHQQY;
				INFOPLIST_FILE = MeemoTests/Info.plist;
				LD_RUNPATH_SEARCH_PATHS = "$(inherited) @executable_path/Frameworks @loader_path/Frameworks";
				PRODUCT_BUNDLE_IDENTIFIER = io.superstudio.MeemoTests;
				PRODUCT_NAME = "$(TARGET_NAME)";
				SWIFT_VERSION = 3.0;
				TEST_HOST = "$(BUILT_PRODUCTS_DIR)/Meemo.app/Meemo";
			};
			name = Debug;
		};
		8278B4761EA9F8890064EFFD /* Release */ = {
			isa = XCBuildConfiguration;
			buildSettings = {
				ALWAYS_EMBED_SWIFT_STANDARD_LIBRARIES = YES;
				BUNDLE_LOADER = "$(TEST_HOST)";
				DEVELOPMENT_TEAM = 83QAZKHQQY;
				INFOPLIST_FILE = MeemoTests/Info.plist;
				LD_RUNPATH_SEARCH_PATHS = "$(inherited) @executable_path/Frameworks @loader_path/Frameworks";
				PRODUCT_BUNDLE_IDENTIFIER = io.superstudio.MeemoTests;
				PRODUCT_NAME = "$(TARGET_NAME)";
				SWIFT_VERSION = 3.0;
				TEST_HOST = "$(BUILT_PRODUCTS_DIR)/Meemo.app/Meemo";
			};
			name = Release;
		};
		8278B4781EA9F8890064EFFD /* Debug */ = {
			isa = XCBuildConfiguration;
			buildSettings = {
				ALWAYS_EMBED_SWIFT_STANDARD_LIBRARIES = YES;
				DEVELOPMENT_TEAM = 83QAZKHQQY;
				INFOPLIST_FILE = MeemoUITests/Info.plist;
				LD_RUNPATH_SEARCH_PATHS = "$(inherited) @executable_path/Frameworks @loader_path/Frameworks";
				PRODUCT_BUNDLE_IDENTIFIER = io.superstudio.MeemoUITests;
				PRODUCT_NAME = "$(TARGET_NAME)";
				SWIFT_VERSION = 3.0;
				TEST_TARGET_NAME = Meemo;
			};
			name = Debug;
		};
		8278B4791EA9F8890064EFFD /* Release */ = {
			isa = XCBuildConfiguration;
			buildSettings = {
				ALWAYS_EMBED_SWIFT_STANDARD_LIBRARIES = YES;
				DEVELOPMENT_TEAM = 83QAZKHQQY;
				INFOPLIST_FILE = MeemoUITests/Info.plist;
				LD_RUNPATH_SEARCH_PATHS = "$(inherited) @executable_path/Frameworks @loader_path/Frameworks";
				PRODUCT_BUNDLE_IDENTIFIER = io.superstudio.MeemoUITests;
				PRODUCT_NAME = "$(TARGET_NAME)";
				SWIFT_VERSION = 3.0;
				TEST_TARGET_NAME = Meemo;
			};
			name = Release;
		};
/* End XCBuildConfiguration section */

/* Begin XCConfigurationList section */
		8278B4441EA9F8880064EFFD /* Build configuration list for PBXProject "Meemo" */ = {
			isa = XCConfigurationList;
			buildConfigurations = (
				8278B46F1EA9F8890064EFFD /* Debug */,
				8278B4701EA9F8890064EFFD /* Release */,
			);
			defaultConfigurationIsVisible = 0;
			defaultConfigurationName = Release;
		};
		8278B4711EA9F8890064EFFD /* Build configuration list for PBXNativeTarget "Meemo" */ = {
			isa = XCConfigurationList;
			buildConfigurations = (
				8278B4721EA9F8890064EFFD /* Debug */,
				8278B4731EA9F8890064EFFD /* Release */,
			);
			defaultConfigurationIsVisible = 0;
			defaultConfigurationName = Release;
		};
		8278B4741EA9F8890064EFFD /* Build configuration list for PBXNativeTarget "MeemoTests" */ = {
			isa = XCConfigurationList;
			buildConfigurations = (
				8278B4751EA9F8890064EFFD /* Debug */,
				8278B4761EA9F8890064EFFD /* Release */,
			);
			defaultConfigurationIsVisible = 0;
			defaultConfigurationName = Release;
		};
		8278B4771EA9F8890064EFFD /* Build configuration list for PBXNativeTarget "MeemoUITests" */ = {
			isa = XCConfigurationList;
			buildConfigurations = (
				8278B4781EA9F8890064EFFD /* Debug */,
				8278B4791EA9F8890064EFFD /* Release */,
			);
			defaultConfigurationIsVisible = 0;
			defaultConfigurationName = Release;
		};
/* End XCConfigurationList section */
	};
	rootObject = 8278B4411EA9F8880064EFFD /* Project object */;
}
